
Microsoft Visual Studio Solution File, Format Version 12.00
# Visual Studio Version 17
VisualStudioVersion = 17.7.34221.43
MinimumVisualStudioVersion = 10.0.40219.1
Project("{9A19103F-16F7-4668-BE54-9A1E7A4F7556}") = "AdventOfCode.Day1", "AdventOfCode.Day1\AdventOfCode.Day1.csproj", "{70449BAD-AD91-45CE-B6F2-F45AED6743AE}"
EndProject
Project("{9A19103F-16F7-4668-BE54-9A1E7A4F7556}") = "AdventOfCode.Common", "AdventOfCode.Common\AdventOfCode.Common.csproj", "{3529BC44-BC32-4CC6-99B9-CD0ACDE60729}"
EndProject
Project("{9A19103F-16F7-4668-BE54-9A1E7A4F7556}") = "AdventOfCode.Day2", "AdventOfCode.Day2\AdventOfCode.Day2.csproj", "{CAE87628-68C8-4722-970B-5048E52B4D70}"
EndProject
Project("{9A19103F-16F7-4668-BE54-9A1E7A4F7556}") = "AdventOfCode.Day3", "AdventOfCode.Day3\AdventOfCode.Day3.csproj", "{100869A1-BF3C-4704-82D0-1F1716CE2CC4}"
EndProject
Project("{FAE04EC0-301F-11D3-BF4B-00C04F79EFBC}") = "AdventOfCode.Day4", "AdventOfCode.Day4\AdventOfCode.Day4.csproj", "{1A5521A5-0341-46DD-98F3-036E5686E832}"
EndProject
Global
	GlobalSection(SolutionConfigurationPlatforms) = preSolution
		Debug|Any CPU = Debug|Any CPU
		Release|Any CPU = Release|Any CPU
	EndGlobalSection
	GlobalSection(ProjectConfigurationPlatforms) = postSolution
		{70449BAD-AD91-45CE-B6F2-F45AED6743AE}.Debug|Any CPU.ActiveCfg = Debug|Any CPU
		{70449BAD-AD91-45CE-B6F2-F45AED6743AE}.Debug|Any CPU.Build.0 = Debug|Any CPU
		{70449BAD-AD91-45CE-B6F2-F45AED6743AE}.Release|Any CPU.ActiveCfg = Release|Any CPU
		{70449BAD-AD91-45CE-B6F2-F45AED6743AE}.Release|Any CPU.Build.0 = Release|Any CPU
		{3529BC44-BC32-4CC6-99B9-CD0ACDE60729}.Debug|Any CPU.ActiveCfg = Debug|Any CPU
		{3529BC44-BC32-4CC6-99B9-CD0ACDE60729}.Debug|Any CPU.Build.0 = Debug|Any CPU
		{3529BC44-BC32-4CC6-99B9-CD0ACDE60729}.Release|Any CPU.ActiveCfg = Release|Any CPU
		{3529BC44-BC32-4CC6-99B9-CD0ACDE60729}.Release|Any CPU.Build.0 = Release|Any CPU
		{CAE87628-68C8-4722-970B-5048E52B4D70}.Debug|Any CPU.ActiveCfg = Debug|Any CPU
		{CAE87628-68C8-4722-970B-5048E52B4D70}.Debug|Any CPU.Build.0 = Debug|Any CPU
		{CAE87628-68C8-4722-970B-5048E52B4D70}.Release|Any CPU.ActiveCfg = Release|Any CPU
		{CAE87628-68C8-4722-970B-5048E52B4D70}.Release|Any CPU.Build.0 = Release|Any CPU
		{100869A1-BF3C-4704-82D0-1F1716CE2CC4}.Debug|Any CPU.ActiveCfg = Debug|Any CPU
		{100869A1-BF3C-4704-82D0-1F1716CE2CC4}.Debug|Any CPU.Build.0 = Debug|Any CPU
		{100869A1-BF3C-4704-82D0-1F1716CE2CC4}.Release|Any CPU.ActiveCfg = Release|Any CPU
		{100869A1-BF3C-4704-82D0-1F1716CE2CC4}.Release|Any CPU.Build.0 = Release|Any CPU
		{1A5521A5-0341-46DD-98F3-036E5686E832}.Debug|Any CPU.ActiveCfg = Debug|Any CPU
		{1A5521A5-0341-46DD-98F3-036E5686E832}.Debug|Any CPU.Build.0 = Debug|Any CPU
		{1A5521A5-0341-46DD-98F3-036E5686E832}.Release|Any CPU.ActiveCfg = Release|Any CPU
		{1A5521A5-0341-46DD-98F3-036E5686E832}.Release|Any CPU.Build.0 = Release|Any CPU
	EndGlobalSection
	GlobalSection(SolutionProperties) = preSolution
		HideSolutionNode = FALSE
	EndGlobalSection
	GlobalSection(ExtensibilityGlobals) = postSolution
		SolutionGuid = {1BC64DBD-823A-4EB3-AAE6-B4A5743E4C0E}
	EndGlobalSection
EndGlobal
